<Solution>
  <Folder Name="/src/">
    <Project Path="src/PrimeNumberGenerator.Api/PrimeNumberGenerator.Api.csproj" />
    <Project Path="src/PrimeNumberGenerator.Application/PrimeNumberGenerator.Application.csproj" />
    <Project Path="src/PrimeNumberGenerator.Domain/PrimeNumberGenerator.Domain.csproj" />
    <Project Path="src/PrimeNumberGenerator.Infrastructure/PrimeNumberGenerator.Infrastructure.csproj" />
  </Folder>
</Solution>
